{
  "name": "nlp-senan",
  "version": "1.0.0",
  "lockfileVersion": 3,
  "requires": true,
  "packages": {
    "": {
      "name": "nlp-senan",
      "version": "1.0.0",
      "license": "ISC",
      "dependencies": {
        "nlp-senan": "file:",
        "wink-eng-lite-web-model": "^1.8.0",
        "wink-nlp": "^2.3.0"
      }
    },
    "node_modules/nlp-senan": {
      "resolved": "",
      "link": true
    },
    "node_modules/wink-eng-lite-web-model": {
      "version": "1.8.0",
      "resolved": "https://registry.npmjs.org/wink-eng-lite-web-model/-/wink-eng-lite-web-model-1.8.0.tgz",
      "integrity": "sha512-PlSaw2tzQ2SrKYEaH6AbxIUCFnQ9H7FeReVluV9O9VpgfYYa+urttUoAgzDrVujeMkJtACAIY8eFIkQgbEMpPg==",
      "license": "MIT",
      "engines": {
        "node": ">=16.0.0"
      }
    },
    "node_modules/wink-nlp": {
      "version": "2.3.0",
      "resolved": "https://registry.npmjs.org/wink-nlp/-/wink-nlp-2.3.0.tgz",
      "integrity": "sha512-NcMmlsJavRZgaV4dAjsOQPuXG4v3yLRRssEibfx41lhmwTTOCaQGW7czNC73bDKCq7q4vqGTjX3/MFhK3I76TA==",
      "license": "MIT"
    }
  }
}
